
Microsoft Visual Studio Solution File, Format Version 12.00
# Visual Studio Version 16
VisualStudioVersion = 16.0.29411.108
MinimumVisualStudioVersion = 10.0.40219.1
Project("{FAE04EC0-301F-11D3-BF4B-00C04F79EFBC}") = "AppMvcBasico", "AppMvcBasico\AppMvcBasico.csproj", "{9A020CF1-6B8E-4E54-8D8C-1A6896DD9331}"
EndProject
Project("{E53339B2-1760-4266-BCC7-CA923CBCF16C}") = "docker-compose", "docker-compose.dcproj", "{DC3CFBF4-8AD7-4B30-96DE-90386B911926}"
EndProject
Global
	GlobalSection(SolutionConfigurationPlatforms) = preSolution
		Debug|Any CPU = Debug|Any CPU
		Release|Any CPU = Release|Any CPU
	EndGlobalSection
	GlobalSection(ProjectConfigurationPlatforms) = postSolution
		{9A020CF1-6B8E-4E54-8D8C-1A6896DD9331}.Debug|Any CPU.ActiveCfg = Debug|Any CPU
		{9A020CF1-6B8E-4E54-8D8C-1A6896DD9331}.Debug|Any CPU.Build.0 = Debug|Any CPU
		{9A020CF1-6B8E-4E54-8D8C-1A6896DD9331}.Release|Any CPU.ActiveCfg = Release|Any CPU
		{9A020CF1-6B8E-4E54-8D8C-1A6896DD9331}.Release|Any CPU.Build.0 = Release|Any CPU
		{DC3CFBF4-8AD7-4B30-96DE-90386B911926}.Debug|Any CPU.ActiveCfg = Debug|Any CPU
		{DC3CFBF4-8AD7-4B30-96DE-90386B911926}.Debug|Any CPU.Build.0 = Debug|Any CPU
		{DC3CFBF4-8AD7-4B30-96DE-90386B911926}.Release|Any CPU.ActiveCfg = Release|Any CPU
		{DC3CFBF4-8AD7-4B30-96DE-90386B911926}.Release|Any CPU.Build.0 = Release|Any CPU
	EndGlobalSection
	GlobalSection(SolutionProperties) = preSolution
		HideSolutionNode = FALSE
	EndGlobalSection
	GlobalSection(ExtensibilityGlobals) = postSolution
		SolutionGuid = {79555DD0-D5F5-42F3-B7CB-59CF29D64983}
	EndGlobalSection
EndGlobal
